{
  "requires": true,
  "lockfileVersion": 1,
  "dependencies": {
    "informed": {
      "version": "3.30.2",
      "resolved": "https://registry.npmjs.org/informed/-/informed-3.30.2.tgz",
      "integrity": "sha512-Oan8oXMntLwcUfbcIzcBlZ1HRvwpxyFv2qhs77up4VXaEym+sIz12i4PcP/poEBgCN91z3aKCumSuTPX/hJd2w=="
    }
  }
}
